
Microsoft Visual Studio Solution File, Format Version 12.00
# Visual Studio Version 16
VisualStudioVersion = 16.0.30413.136
MinimumVisualStudioVersion = 10.0.40219.1
Project("{9A19103F-16F7-4668-BE54-9A1E7A4F7556}") = "EmmetAndEvie", "EmmetAndEvie\EmmetAndEvie.csproj", "{ADF1008D-FD40-4C91-832E-7F2F704B2750}"
EndProject
Global
	GlobalSection(SolutionConfigurationPlatforms) = preSolution
		Debug|Any CPU = Debug|Any CPU
		Release|Any CPU = Release|Any CPU
	EndGlobalSection
	GlobalSection(ProjectConfigurationPlatforms) = postSolution
		{ADF1008D-FD40-4C91-832E-7F2F704B2750}.Debug|Any CPU.ActiveCfg = Debug|Any CPU
		{ADF1008D-FD40-4C91-832E-7F2F704B2750}.Debug|Any CPU.Build.0 = Debug|Any CPU
		{ADF1008D-FD40-4C91-832E-7F2F704B2750}.Release|Any CPU.ActiveCfg = Release|Any CPU
		{ADF1008D-FD40-4C91-832E-7F2F704B2750}.Release|Any CPU.Build.0 = Release|Any CPU
	EndGlobalSection
	GlobalSection(SolutionProperties) = preSolution
		HideSolutionNode = FALSE
	EndGlobalSection
	GlobalSection(ExtensibilityGlobals) = postSolution
		SolutionGuid = {BEE9FA9A-EC23-4D61-9132-7DC4B27CFACD}
	EndGlobalSection
EndGlobal
